{
  "name": "ksp-crime-decision-intelligence",
  "version": "0.1.0",
  "lockfileVersion": 3,
  "requires": true,
  "packages": {
    "": {
      "name": "ksp-crime-decision-intelligence",
      "version": "0.1.0",
      "workspaces": [
        "packages/*"
      ],
      "dependencies": {
        "@ksp/intelligence-core": "file:packages/intelligence-core"
      },
      "engines": {
        "node": ">=24"
      }
    },
    "node_modules/@ksp/intelligence-core": {
      "resolved": "packages/intelligence-core",
      "link": true
    },
    "packages/intelligence-core": {
      "name": "@ksp/intelligence-core",
      "version": "1.0.0",
      "engines": {
        "node": ">=18 <25"
      }
    }
  }
}
