{
  "name": "@ksp/node18-compatibility-runtime",
  "version": "1.0.0",
  "lockfileVersion": 3,
  "requires": true,
  "packages": {
    "": {
      "name": "@ksp/node18-compatibility-runtime",
      "version": "1.0.0",
      "optionalDependencies": {
        "node-darwin-x64": "18.20.8",
        "node-linux-arm64": "18.20.8",
        "node-linux-x64": "18.20.8",
        "node-win-x64": "18.20.8"
      }
    },
    "node_modules/node-darwin-x64": {
      "version": "18.20.8",
      "resolved": "https://registry.npmjs.org/node-darwin-x64/-/node-darwin-x64-18.20.8.tgz",
      "integrity": "sha512-ZllCFTBvXEb21o2ncNkd/IVkhfHkrwzVBKrC5NklsocR9aIDMcF7U3dO0q3RVBscwlTc26+92nGZWEj0IktSfA==",
      "cpu": "x64",
      "optional": true,
      "os": "darwin",
      "bin": {
        "node": "bin/node"
      }
    },
    "node_modules/node-linux-arm64": {
      "version": "18.20.8",
      "resolved": "https://registry.npmjs.org/node-linux-arm64/-/node-linux-arm64-18.20.8.tgz",
      "integrity": "sha512-xTMJYtLdLjIimh8zRpgUDFsNknLP72AT/QWEQmeyDOM1/Gqj/GZn/MlbA+zWSjSMBxQscYvgFpq3qERMEcFEUA==",
      "cpu": "arm64",
      "optional": true,
      "os": "linux",
      "bin": {
        "node": "bin/node"
      }
    },
    "node_modules/node-linux-x64": {
      "version": "18.20.8",
      "resolved": "https://registry.npmjs.org/node-linux-x64/-/node-linux-x64-18.20.8.tgz",
      "integrity": "sha512-JWUTwZ9vMOjZXMtiBc74OZn12DXb4skKfY4Nlyc17Ss8BTaxjwkXAw6xZb0Ck5afUYU/neBbrHjo9O3baF34ww==",
      "cpu": "x64",
      "optional": true,
      "os": "linux",
      "bin": {
        "node": "bin/node"
      }
    },
    "node_modules/node-win-x64": {
      "version": "18.20.8",
      "resolved": "https://registry.npmjs.org/node-win-x64/-/node-win-x64-18.20.8.tgz",
      "integrity": "sha512-behGIBF2GQ9U3c/xHvzY0Qi8u46ImRbVTSv5NLTynpq8yqiW2t778+VSB1etC2xv2ZdWPXzv7FjfLHjFBRKW0Q==",
      "cpu": "x64",
      "optional": true,
      "os": "win32",
      "bin": {
        "node": "bin/node.exe"
      }
    }
  }
}
